Microsoft Visual Studio Solution File, Format Version 12.00
# Visual Studio Version 17
VisualStudioVersion = 17.5.2.0
MinimumVisualStudioVersion = 10.0.40219.1
Project("{FAE04EC0-301F-11D3-BF4B-00C04F79EFBC}") = "KartogrammaPlugin", "KartogrammaPlugin.csproj", "{8C3493EF-5DDC-074A-1D56-09805784ACE2}"
EndProject
Project("{FAE04EC0-301F-11D3-BF4B-00C04F79EFBC}") = "KartogrammaTests", "KartogrammaTests\KartogrammaTests.csproj", "{B2A3C4D5-E6F7-8901-ABCD-EF2345678901}"
EndProject
Global
	GlobalSection(SolutionConfigurationPlatforms) = preSolution
		Debug|Any CPU = Debug|Any CPU
		Release|Any CPU = Release|Any CPU
	EndGlobalSection
	GlobalSection(ProjectConfigurationPlatforms) = postSolution
		{8C3493EF-5DDC-074A-1D56-09805784ACE2}.Debug|Any CPU.ActiveCfg = Debug|Any CPU
		{8C3493EF-5DDC-074A-1D56-09805784ACE2}.Debug|Any CPU.Build.0 = Debug|Any CPU
		{8C3493EF-5DDC-074A-1D56-09805784ACE2}.Release|Any CPU.ActiveCfg = Release|Any CPU
		{8C3493EF-5DDC-074A-1D56-09805784ACE2}.Release|Any CPU.Build.0 = Release|Any CPU
		{B2A3C4D5-E6F7-8901-ABCD-EF2345678901}.Debug|Any CPU.ActiveCfg = Debug|Any CPU
		{B2A3C4D5-E6F7-8901-ABCD-EF2345678901}.Debug|Any CPU.Build.0 = Debug|Any CPU
		{B2A3C4D5-E6F7-8901-ABCD-EF2345678901}.Release|Any CPU.ActiveCfg = Release|Any CPU
		{B2A3C4D5-E6F7-8901-ABCD-EF2345678901}.Release|Any CPU.Build.0 = Release|Any CPU
	EndGlobalSection
	GlobalSection(SolutionProperties) = preSolution
		HideSolutionNode = FALSE
	EndGlobalSection
	GlobalSection(ExtensibilityGlobals) = postSolution
		SolutionGuid = {D4855E4F-6463-4EEF-AE4C-690B6C1AD5F0}
	EndGlobalSection
EndGlobal
